// !$*UTF8*$!
{
	archiveVersion = 1;
	classes = {
	};
	objectVersion = 46;
	objects = {

/* Begin PBXBuildFile section */
		952616E8175A719E006724C9 /* UIKit.framework in Frameworks */ = {isa = PBXBuildFile; fileRef = 952616E7175A719E006724C9 /* UIKit.framework */; };
		952616EA175A719E006724C9 /* Foundation.framework in Frameworks */ = {isa = PBXBuildFile; fileRef = 952616E9175A719E006724C9 /* Foundation.framework */; };
		952616EC175A719E006724C9 /* CoreGraphics.framework in Frameworks */ = {isa = PBXBuildFile; fileRef = 952616EB175A719E006724C9 /* CoreGraphics.framework */; };
		952616F2175A719E006724C9 /* InfoPlist.strings in Resources */ = {isa = PBXBuildFile; fileRef = 952616F0175A719E006724C9 /* InfoPlist.strings */; };
		952616F4175A719E006724C9 /* main.m in Sources */ = {isa = PBXBuildFile; fileRef = 952616F3175A719E006724C9 /* main.m */; };
		952616F8175A719E006724C9 /* JLAppDelegate.m in Sources */ = {isa = PBXBuildFile; fileRef = 952616F7175A719E006724C9 /* JLAppDelegate.m */; };
		952616FA175A719E006724C9 /* Default.png in Resources */ = {isa = PBXBuildFile; fileRef = 952616F9175A719E006724C9 /* Default.png */; };
		952616FC175A719E006724C9 /* Default@2x.png in Resources */ = {isa = PBXBuildFile; fileRef = 952616FB175A719E006724C9 /* Default@2x.png */; };
		952616FE175A719E006724C9 /* Default-568h@2x.png in Resources */ = {isa = PBXBuildFile; fileRef = 952616FD175A719E006724C9 /* Default-568h@2x.png */; };
		95261701175A719E006724C9 /* MainStoryboard_iPhone.storyboard in Resources */ = {isa = PBXBuildFile; fileRef = 952616FF175A719E006724C9 /* MainStoryboard_iPhone.storyboard */; };
		95261704175A719E006724C9 /* MainStoryboard_iPad.storyboard in Resources */ = {isa = PBXBuildFile; fileRef = 95261702175A719E006724C9 /* MainStoryboard_iPad.storyboard */; };
		95261707175A719E006724C9 /* JLRootViewController.m in Sources */ = {isa = PBXBuildFile; fileRef = 95261706175A719E006724C9 /* JLRootViewController.m */; };
		9526170E175A72CE006724C9 /* MapKit.framework in Frameworks */ = {isa = PBXBuildFile; fileRef = 9526170D175A72CE006724C9 /* MapKit.framework */; };
		95261710175A7D0A006724C9 /* CoreLocation.framework in Frameworks */ = {isa = PBXBuildFile; fileRef = 9526170F175A7D0A006724C9 /* CoreLocation.framework */; };
		95261713175A7E1F006724C9 /* JLService.m in Sources */ = {isa = PBXBuildFile; fileRef = 95261712175A7E1F006724C9 /* JLService.m */; };
		9526171C175A856D006724C9 /* 2010.json in Resources */ = {isa = PBXBuildFile; fileRef = 95261718175A856D006724C9 /* 2010.json */; };
		9526171D175A856D006724C9 /* 2011.json in Resources */ = {isa = PBXBuildFile; fileRef = 95261719175A856D006724C9 /* 2011.json */; };
		9526171E175A856D006724C9 /* 2012.json in Resources */ = {isa = PBXBuildFile; fileRef = 9526171A175A856D006724C9 /* 2012.json */; };
		9526171F175A856D006724C9 /* 2013.json in Resources */ = {isa = PBXBuildFile; fileRef = 9526171B175A856D006724C9 /* 2013.json */; };
		95261728175ABF07006724C9 /* ca_neighborhoods.json in Resources */ = {isa = PBXBuildFile; fileRef = 95261727175ABF07006724C9 /* ca_neighborhoods.json */; };
		9526172E175AE070006724C9 /* JLDataSelectionViewController.m in Sources */ = {isa = PBXBuildFile; fileRef = 9526172D175AE070006724C9 /* JLDataSelectionViewController.m */; };
		9526173A175BA794006724C9 /* school.json in Resources */ = {isa = PBXBuildFile; fileRef = 95261739175BA794006724C9 /* school.json */; };
		9526173D175BA8E0006724C9 /* meetup.json in Resources */ = {isa = PBXBuildFile; fileRef = 9526173C175BA8E0006724C9 /* meetup.json */; };
		95261741175BB743006724C9 /* icon.png in Resources */ = {isa = PBXBuildFile; fileRef = 9526173F175BB743006724C9 /* icon.png */; };
		95261742175BB743006724C9 /* icon@2x.png in Resources */ = {isa = PBXBuildFile; fileRef = 95261740175BB743006724C9 /* icon@2x.png */; };
		95261745175BB8AC006724C9 /* setting.png in Resources */ = {isa = PBXBuildFile; fileRef = 95261743175BB8AC006724C9 /* setting.png */; };
		95261746175BB8AC006724C9 /* setting@2x.png in Resources */ = {isa = PBXBuildFile; fileRef = 95261744175BB8AC006724C9 /* setting@2x.png */; };
		9526174B175BBEB6006724C9 /* meetupIcon.png in Resources */ = {isa = PBXBuildFile; fileRef = 95261749175BBEB6006724C9 /* meetupIcon.png */; };
		9526174C175BBEB6006724C9 /* meetupIcon@2x.png in Resources */ = {isa = PBXBuildFile; fileRef = 9526174A175BBEB6006724C9 /* meetupIcon@2x.png */; };
		9526174F175BCA18006724C9 /* JLMeeupOverlayView.m in Sources */ = {isa = PBXBuildFile; fileRef = 9526174E175BCA18006724C9 /* JLMeeupOverlayView.m */; };
/* End PBXBuildFile section */

/* Begin PBXFileReference section */
		952616E4175A719E006724C9 /* movingHelp.app */ = {isa = PBXFileReference; explicitFileType = wrapper.application; includeInIndex = 0; name = movingHelp.app; path = hood.app; sourceTree = BUILT_PRODUCTS_DIR; };
		952616E7175A719E006724C9 /* UIKit.framework */ = {isa = PBXFileReference; lastKnownFileType = wrapper.framework; name = UIKit.framework; path = System/Library/Frameworks/UIKit.framework; sourceTree = SDKROOT; };
		952616E9175A719E006724C9 /* Foundation.framework */ = {isa = PBXFileReference; lastKnownFileType = wrapper.framework; name = Foundation.framework; path = System/Library/Frameworks/Foundation.framework; sourceTree = SDKROOT; };
		952616EB175A719E006724C9 /* CoreGraphics.framework */ = {isa = PBXFileReference; lastKnownFileType = wrapper.framework; name = CoreGraphics.framework; path = System/Library/Frameworks/CoreGraphics.framework; sourceTree = SDKROOT; };
		952616EF175A719E006724C9 /* movingHelp-Info.plist */ = {isa = PBXFileReference; lastKnownFileType = text.plist.xml; path = "movingHelp-Info.plist"; sourceTree = "<group>"; };
		952616F1175A719E006724C9 /* en */ = {isa = PBXFileReference; lastKnownFileType = text.plist.strings; name = en; path = en.lproj/InfoPlist.strings; sourceTree = "<group>"; };
		952616F3175A719E006724C9 /* main.m */ = {isa = PBXFileReference; lastKnownFileType = sourcecode.c.objc; path = main.m; sourceTree = "<group>"; };
		952616F5175A719E006724C9 /* movingHelp-Prefix.pch */ = {isa = PBXFileReference; lastKnownFileType = sourcecode.c.h; path = "movingHelp-Prefix.pch"; sourceTree = "<group>"; };
		952616F6175A719E006724C9 /* JLAppDelegate.h */ = {isa = PBXFileReference; lastKnownFileType = sourcecode.c.h; path = JLAppDelegate.h; sourceTree = "<group>"; };
		952616F7175A719E006724C9 /* JLAppDelegate.m */ = {isa = PBXFileReference; lastKnownFileType = sourcecode.c.objc; path = JLAppDelegate.m; sourceTree = "<group>"; };
		952616F9175A719E006724C9 /* Default.png */ = {isa = PBXFileReference; lastKnownFileType = image.png; path = Default.png; sourceTree = "<group>"; };
		952616FB175A719E006724C9 /* Default@2x.png */ = {isa = PBXFileReference; lastKnownFileType = image.png; path = "Default@2x.png"; sourceTree = "<group>"; };
		952616FD175A719E006724C9 /* Default-568h@2x.png */ = {isa = PBXFileReference; lastKnownFileType = image.png; path = "Default-568h@2x.png"; sourceTree = "<group>"; };
		95261700175A719E006724C9 /* en */ = {isa = PBXFileReference; lastKnownFileType = file.storyboard; name = en; path = en.lproj/MainStoryboard_iPhone.storyboard; sourceTree = "<group>"; };
		95261703175A719E006724C9 /* en */ = {isa = PBXFileReference; lastKnownFileType = file.storyboard; name = en; path = en.lproj/MainStoryboard_iPad.storyboard; sourceTree = "<group>"; };
		95261705175A719E006724C9 /* JLRootViewController.h */ = {isa = PBXFileReference; lastKnownFileType = sourcecode.c.h; path = JLRootViewController.h; sourceTree = "<group>"; };
		95261706175A719E006724C9 /* JLRootViewController.m */ = {isa = PBXFileReference; lastKnownFileType = sourcecode.c.objc; path = JLRootViewController.m; sourceTree = "<group>"; };
		9526170D175A72CE006724C9 /* MapKit.framework */ = {isa = PBXFileReference; lastKnownFileType = wrapper.framework; name = MapKit.framework; path = System/Library/Frameworks/MapKit.framework; sourceTree = SDKROOT; };
		9526170F175A7D0A006724C9 /* CoreLocation.framework */ = {isa = PBXFileReference; lastKnownFileType = wrapper.framework; name = CoreLocation.framework; path = System/Library/Frameworks/CoreLocation.framework; sourceTree = SDKROOT; };
		95261711175A7E1F006724C9 /* JLService.h */ = {isa = PBXFileReference; fileEncoding = 4; lastKnownFileType = sourcecode.c.h; path = JLService.h; sourceTree = "<group>"; };
		95261712175A7E1F006724C9 /* JLService.m */ = {isa = PBXFileReference; fileEncoding = 4; lastKnownFileType = sourcecode.c.objc; path = JLService.m; sourceTree = "<group>"; };
		95261718175A856D006724C9 /* 2010.json */ = {isa = PBXFileReference; fileEncoding = 4; lastKnownFileType = text.json; path = 2010.json; sourceTree = "<group>"; };
		95261719175A856D006724C9 /* 2011.json */ = {isa = PBXFileReference; fileEncoding = 4; lastKnownFileType = text.json; path = 2011.json; sourceTree = "<group>"; };
		9526171A175A856D006724C9 /* 2012.json */ = {isa = PBXFileReference; fileEncoding = 4; lastKnownFileType = text.json; path = 2012.json; sourceTree = "<group>"; };
		9526171B175A856D006724C9 /* 2013.json */ = {isa = PBXFileReference; fileEncoding = 4; lastKnownFileType = text.json; path = 2013.json; sourceTree = "<group>"; };
		95261727175ABF07006724C9 /* ca_neighborhoods.json */ = {isa = PBXFileReference; fileEncoding = 4; lastKnownFileType = text.json; path = ca_neighborhoods.json; sourceTree = "<group>"; };
		9526172C175AE070006724C9 /* JLDataSelectionViewController.h */ = {isa = PBXFileReference; fileEncoding = 4; lastKnownFileType = sourcecode.c.h; path = JLDataSelectionViewController.h; sourceTree = "<group>"; };
		9526172D175AE070006724C9 /* JLDataSelectionViewController.m */ = {isa = PBXFileReference; fileEncoding = 4; lastKnownFileType = sourcecode.c.objc; path = JLDataSelectionViewController.m; sourceTree = "<group>"; };
		95261739175BA794006724C9 /* school.json */ = {isa = PBXFileReference; fileEncoding = 4; lastKnownFileType = text.json; path = school.json; sourceTree = "<group>"; };
		9526173C175BA8E0006724C9 /* meetup.json */ = {isa = PBXFileReference; fileEncoding = 4; lastKnownFileType = text.json; path = meetup.json; sourceTree = "<group>"; };
		9526173F175BB743006724C9 /* icon.png */ = {isa = PBXFileReference; lastKnownFileType = image.png; path = icon.png; sourceTree = "<group>"; };
		95261740175BB743006724C9 /* icon@2x.png */ = {isa = PBXFileReference; lastKnownFileType = image.png; path = "icon@2x.png"; sourceTree = "<group>"; };
		95261743175BB8AC006724C9 /* setting.png */ = {isa = PBXFileReference; lastKnownFileType = image.png; path = setting.png; sourceTree = "<group>"; };
		95261744175BB8AC006724C9 /* setting@2x.png */ = {isa = PBXFileReference; lastKnownFileType = image.png; path = "setting@2x.png"; sourceTree = "<group>"; };
		95261749175BBEB6006724C9 /* meetupIcon.png */ = {isa = PBXFileReference; lastKnownFileType = image.png; path = meetupIcon.png; sourceTree = "<group>"; };
		9526174A175BBEB6006724C9 /* meetupIcon@2x.png */ = {isa = PBXFileReference; lastKnownFileType = image.png; path = "meetupIcon@2x.png"; sourceTree = "<group>"; };
		9526174D175BCA18006724C9 /* JLMeeupOverlayView.h */ = {isa = PBXFileReference; fileEncoding = 4; lastKnownFileType = sourcecode.c.h; path = JLMeeupOverlayView.h; sourceTree = "<group>"; };
		9526174E175BCA18006724C9 /* JLMeeupOverlayView.m */ = {isa = PBXFileReference; fileEncoding = 4; lastKnownFileType = sourcecode.c.objc; path = JLMeeupOverlayView.m; sourceTree = "<group>"; };
/* End PBXFileReference section */

/* Begin PBXFrameworksBuildPhase section */
		952616E1175A719E006724C9 /* Frameworks */ = {
			isa = PBXFrameworksBuildPhase;
			buildActionMask = 2147483647;
			files = (
				95261710175A7D0A006724C9 /* CoreLocation.framework in Frameworks */,
				9526170E175A72CE006724C9 /* MapKit.framework in Frameworks */,
				952616E8175A719E006724C9 /* UIKit.framework in Frameworks */,
				952616EA175A719E006724C9 /* Foundation.framework in Frameworks */,
				952616EC175A719E006724C9 /* CoreGraphics.framework in Frameworks */,
			);
			runOnlyForDeploymentPostprocessing = 0;
		};
/* End PBXFrameworksBuildPhase section */

/* Begin PBXGroup section */
		952616DB175A719E006724C9 = {
			isa = PBXGroup;
			children = (
				95261716175A8531006724C9 /* resource */,
				952616ED175A719E006724C9 /* movingHelp */,
				952616E6175A719E006724C9 /* Frameworks */,
				952616E5175A719E006724C9 /* Products */,
			);
			sourceTree = "<group>";
		};
		952616E5175A719E006724C9 /* Products */ = {
			isa = PBXGroup;
			children = (
				952616E4175A719E006724C9 /* movingHelp.app */,
			);
			name = Products;
			sourceTree = "<group>";
		};
		952616E6175A719E006724C9 /* Frameworks */ = {
			isa = PBXGroup;
			children = (
				9526170F175A7D0A006724C9 /* CoreLocation.framework */,
				9526170D175A72CE006724C9 /* MapKit.framework */,
				952616E7175A719E006724C9 /* UIKit.framework */,
				952616E9175A719E006724C9 /* Foundation.framework */,
				952616EB175A719E006724C9 /* CoreGraphics.framework */,
			);
			name = Frameworks;
			sourceTree = "<group>";
		};
		952616ED175A719E006724C9 /* movingHelp */ = {
			isa = PBXGroup;
			children = (
				952616F6175A719E006724C9 /* JLAppDelegate.h */,
				952616F7175A719E006724C9 /* JLAppDelegate.m */,
				952616FF175A719E006724C9 /* MainStoryboard_iPhone.storyboard */,
				95261702175A719E006724C9 /* MainStoryboard_iPad.storyboard */,
				95261705175A719E006724C9 /* JLRootViewController.h */,
				95261706175A719E006724C9 /* JLRootViewController.m */,
				95261711175A7E1F006724C9 /* JLService.h */,
				95261712175A7E1F006724C9 /* JLService.m */,
				952616EE175A719E006724C9 /* Supporting Files */,
				9526172C175AE070006724C9 /* JLDataSelectionViewController.h */,
				9526172D175AE070006724C9 /* JLDataSelectionViewController.m */,
				9526174D175BCA18006724C9 /* JLMeeupOverlayView.h */,
				9526174E175BCA18006724C9 /* JLMeeupOverlayView.m */,
			);
			path = movingHelp;
			sourceTree = "<group>";
		};
		952616EE175A719E006724C9 /* Supporting Files */ = {
			isa = PBXGroup;
			children = (
				952616EF175A719E006724C9 /* movingHelp-Info.plist */,
				952616F0175A719E006724C9 /* InfoPlist.strings */,
				952616F3175A719E006724C9 /* main.m */,
				952616F5175A719E006724C9 /* movingHelp-Prefix.pch */,
				952616F9175A719E006724C9 /* Default.png */,
				952616FB175A719E006724C9 /* Default@2x.png */,
				952616FD175A719E006724C9 /* Default-568h@2x.png */,
			);
			name = "Supporting Files";
			sourceTree = "<group>";
		};
		95261716175A8531006724C9 /* resource */ = {
			isa = PBXGroup;
			children = (
				9526173E175BB743006724C9 /* icons */,
				95261726175ABF07006724C9 /* neighborhoods */,
				95261717175A856D006724C9 /* crime */,
				9526173B175BA8E0006724C9 /* meetup */,
				95261738175BA794006724C9 /* school */,
			);
			name = resource;
			path = movingHelp;
			sourceTree = "<group>";
		};
		95261717175A856D006724C9 /* crime */ = {
			isa = PBXGroup;
			children = (
				95261718175A856D006724C9 /* 2010.json */,
				95261719175A856D006724C9 /* 2011.json */,
				9526171A175A856D006724C9 /* 2012.json */,
				9526171B175A856D006724C9 /* 2013.json */,
			);
			path = crime;
			sourceTree = "<group>";
		};
		95261726175ABF07006724C9 /* neighborhoods */ = {
			isa = PBXGroup;
			children = (
				95261727175ABF07006724C9 /* ca_neighborhoods.json */,
			);
			path = neighborhoods;
			sourceTree = "<group>";
		};
		95261738175BA794006724C9 /* school */ = {
			isa = PBXGroup;
			children = (
				95261739175BA794006724C9 /* school.json */,
			);
			path = school;
			sourceTree = "<group>";
		};
		9526173B175BA8E0006724C9 /* meetup */ = {
			isa = PBXGroup;
			children = (
				9526173C175BA8E0006724C9 /* meetup.json */,
			);
			path = meetup;
			sourceTree = "<group>";
		};
		9526173E175BB743006724C9 /* icons */ = {
			isa = PBXGroup;
			children = (
				9526173F175BB743006724C9 /* icon.png */,
				95261740175BB743006724C9 /* icon@2x.png */,
				95261743175BB8AC006724C9 /* setting.png */,
				95261744175BB8AC006724C9 /* setting@2x.png */,
				95261749175BBEB6006724C9 /* meetupIcon.png */,
				9526174A175BBEB6006724C9 /* meetupIcon@2x.png */,
			);
			path = icons;
			sourceTree = "<group>";
		};
/* End PBXGroup section */

/* Begin PBXNativeTarget section */
		952616E3175A719E006724C9 /* hood */ = {
			isa = PBXNativeTarget;
			buildConfigurationList = 9526170A175A719E006724C9 /* Build configuration list for PBXNativeTarget "hood" */;
			buildPhases = (
				952616E0175A719E006724C9 /* Sources */,
				952616E1175A719E006724C9 /* Frameworks */,
				952616E2175A719E006724C9 /* Resources */,
			);
			buildRules = (
			);
			dependencies = (
			);
			name = hood;
			productName = movingHelp;
			productReference = 952616E4175A719E006724C9 /* movingHelp.app */;
			productType = "com.apple.product-type.application";
		};
/* End PBXNativeTarget section */

/* Begin PBXProject section */
		952616DC175A719E006724C9 /* Project object */ = {
			isa = PBXProject;
			attributes = {
				CLASSPREFIX = JL;
				LastUpgradeCheck = 0460;
				ORGANIZATIONNAME = Hackathon;
			};
			buildConfigurationList = 952616DF175A719E006724C9 /* Build configuration list for PBXProject "movingHelp" */;
			compatibilityVersion = "Xcode 3.2";
			developmentRegion = English;
			hasScannedForEncodings = 0;
			knownRegions = (
				en,
			);
			mainGroup = 952616DB175A719E006724C9;
			productRefGroup = 952616E5175A719E006724C9 /* Products */;
			projectDirPath = "";
			projectRoot = "";
			targets = (
				952616E3175A719E006724C9 /* hood */,
			);
		};
/* End PBXProject section */

/* Begin PBXResourcesBuildPhase section */
		952616E2175A719E006724C9 /* Resources */ = {
			isa = PBXResourcesBuildPhase;
			buildActionMask = 2147483647;
			files = (
				952616F2175A719E006724C9 /* InfoPlist.strings in Resources */,
				952616FA175A719E006724C9 /* Default.png in Resources */,
				952616FC175A719E006724C9 /* Default@2x.png in Resources */,
				952616FE175A719E006724C9 /* Default-568h@2x.png in Resources */,
				95261701175A719E006724C9 /* MainStoryboard_iPhone.storyboard in Resources */,
				95261704175A719E006724C9 /* MainStoryboard_iPad.storyboard in Resources */,
				9526171C175A856D006724C9 /* 2010.json in Resources */,
				9526171D175A856D006724C9 /* 2011.json in Resources */,
				9526171E175A856D006724C9 /* 2012.json in Resources */,
				9526171F175A856D006724C9 /* 2013.json in Resources */,
				95261728175ABF07006724C9 /* ca_neighborhoods.json in Resources */,
				9526173A175BA794006724C9 /* school.json in Resources */,
				9526173D175BA8E0006724C9 /* meetup.json in Resources */,
				95261741175BB743006724C9 /* icon.png in Resources */,
				95261742175BB743006724C9 /* icon@2x.png in Resources */,
				95261745175BB8AC006724C9 /* setting.png in Resources */,
				95261746175BB8AC006724C9 /* setting@2x.png in Resources */,
				9526174B175BBEB6006724C9 /* meetupIcon.png in Resources */,
				9526174C175BBEB6006724C9 /* meetupIcon@2x.png in Resources */,
			);
			runOnlyForDeploymentPostprocessing = 0;
		};
/* End PBXResourcesBuildPhase section */

/* Begin PBXSourcesBuildPhase section */
		952616E0175A719E006724C9 /* Sources */ = {
			isa = PBXSourcesBuildPhase;
			buildActionMask = 2147483647;
			files = (
				952616F4175A719E006724C9 /* main.m in Sources */,
				952616F8175A719E006724C9 /* JLAppDelegate.m in Sources */,
				95261707175A719E006724C9 /* JLRootViewController.m in Sources */,
				95261713175A7E1F006724C9 /* JLService.m in Sources */,
				9526172E175AE070006724C9 /* JLDataSelectionViewController.m in Sources */,
				9526174F175BCA18006724C9 /* JLMeeupOverlayView.m in Sources */,
			);
			runOnlyForDeploymentPostprocessing = 0;
		};
/* End PBXSourcesBuildPhase section */

/* Begin PBXVariantGroup section */
		952616F0175A719E006724C9 /* InfoPlist.strings */ = {
			isa = PBXVariantGroup;
			children = (
				952616F1175A719E006724C9 /* en */,
			);
			name = InfoPlist.strings;
			sourceTree = "<group>";
		};
		952616FF175A719E006724C9 /* MainStoryboard_iPhone.storyboard */ = {
			isa = PBXVariantGroup;
			children = (
				95261700175A719E006724C9 /* en */,
			);
			name = MainStoryboard_iPhone.storyboard;
			sourceTree = "<group>";
		};
		95261702175A719E006724C9 /* MainStoryboard_iPad.storyboard */ = {
			isa = PBXVariantGroup;
			children = (
				95261703175A719E006724C9 /* en */,
			);
			name = MainStoryboard_iPad.storyboard;
			sourceTree = "<group>";
		};
/* End PBXVariantGroup section */

/* Begin XCBuildConfiguration section */
		95261708175A719E006724C9 /* Debug */ = {
			isa = XCBuildConfiguration;
			buildSettings = {
				ALWAYS_SEARCH_USER_PATHS = NO;
				CLANG_CXX_LANGUAGE_STANDARD = "gnu++0x";
				CLANG_CXX_LIBRARY = "libc++";
				CLANG_ENABLE_OBJC_ARC = YES;
				CLANG_WARN_CONSTANT_CONVERSION = YES;
				CLANG_WARN_EMPTY_BODY = YES;
				CLANG_WARN_ENUM_CONVERSION = YES;
				CLANG_WARN_INT_CONVERSION = YES;
				CLANG_WARN__DUPLICATE_METHOD_MATCH = YES;
				"CODE_SIGN_IDENTITY[sdk=iphoneos*]" = "iPhone Developer";
				COPY_PHASE_STRIP = NO;
				GCC_C_LANGUAGE_STANDARD = gnu99;
				GCC_DYNAMIC_NO_PIC = NO;
				GCC_OPTIMIZATION_LEVEL = 0;
				GCC_PREPROCESSOR_DEFINITIONS = (
					"DEBUG=1",
					"$(inherited)",
				);
				GCC_SYMBOLS_PRIVATE_EXTERN = NO;
				GCC_WARN_ABOUT_RETURN_TYPE = YES;
				GCC_WARN_UNINITIALIZED_AUTOS = YES;
				GCC_WARN_UNUSED_VARIABLE = YES;
				IPHONEOS_DEPLOYMENT_TARGET = 6.1;
				ONLY_ACTIVE_ARCH = YES;
				SDKROOT = iphoneos;
				TARGETED_DEVICE_FAMILY = "1,2";
			};
			name = Debug;
		};
		95261709175A719E006724C9 /* Release */ = {
			isa = XCBuildConfiguration;
			buildSettings = {
				ALWAYS_SEARCH_USER_PATHS = NO;
				CLANG_CXX_LANGUAGE_STANDARD = "gnu++0x";
				CLANG_CXX_LIBRARY = "libc++";
				CLANG_ENABLE_OBJC_ARC = YES;
				CLANG_WARN_CONSTANT_CONVERSION = YES;
				CLANG_WARN_EMPTY_BODY = YES;
				CLANG_WARN_ENUM_CONVERSION = YES;
				CLANG_WARN_INT_CONVERSION = YES;
				CLANG_WARN__DUPLICATE_METHOD_MATCH = YES;
				"CODE_SIGN_IDENTITY[sdk=iphoneos*]" = "iPhone Developer";
				COPY_PHASE_STRIP = YES;
				GCC_C_LANGUAGE_STANDARD = gnu99;
				GCC_WARN_ABOUT_RETURN_TYPE = YES;
				GCC_WARN_UNINITIALIZED_AUTOS = YES;
				GCC_WARN_UNUSED_VARIABLE = YES;
				IPHONEOS_DEPLOYMENT_TARGET = 6.1;
				OTHER_CFLAGS = "-DNS_BLOCK_ASSERTIONS=1";
				SDKROOT = iphoneos;
				TARGETED_DEVICE_FAMILY = "1,2";
				VALIDATE_PRODUCT = YES;
			};
			name = Release;
		};
		9526170B175A719E006724C9 /* Debug */ = {
			isa = XCBuildConfiguration;
			buildSettings = {
				GCC_PRECOMPILE_PREFIX_HEADER = YES;
				GCC_PREFIX_HEADER = "movingHelp/movingHelp-Prefix.pch";
				INFOPLIST_FILE = "movingHelp/movingHelp-Info.plist";
				PRODUCT_NAME = "$(TARGET_NAME)";
				WRAPPER_EXTENSION = app;
			};
			name = Debug;
		};
		9526170C175A719E006724C9 /* Release */ = {
			isa = XCBuildConfiguration;
			buildSettings = {
				GCC_PRECOMPILE_PREFIX_HEADER = YES;
				GCC_PREFIX_HEADER = "movingHelp/movingHelp-Prefix.pch";
				INFOPLIST_FILE = "movingHelp/movingHelp-Info.plist";
				PRODUCT_NAME = "$(TARGET_NAME)";
				WRAPPER_EXTENSION = app;
			};
			name = Release;
		};
/* End XCBuildConfiguration section */

/* Begin XCConfigurationList section */
		952616DF175A719E006724C9 /* Build configuration list for PBXProject "movingHelp" */ = {
			isa = XCConfigurationList;
			buildConfigurations = (
				95261708175A719E006724C9 /* Debug */,
				95261709175A719E006724C9 /* Release */,
			);
			defaultConfigurationIsVisible = 0;
			defaultConfigurationName = Release;
		};
		9526170A175A719E006724C9 /* Build configuration list for PBXNativeTarget "hood" */ = {
			isa = XCConfigurationList;
			buildConfigurations = (
				9526170B175A719E006724C9 /* Debug */,
				9526170C175A719E006724C9 /* Release */,
			);
			defaultConfigurationIsVisible = 0;
			defaultConfigurationName = Release;
		};
/* End XCConfigurationList section */
	};
	rootObject = 952616DC175A719E006724C9 /* Project object */;
}
